// !$*UTF8*$!
{
	archiveVersion = 1;
	classes = {
	};
	objectVersion = 50;
	objects = {

/* Begin PBXBuildFile section */
		6DC01F3A7C4D8DB1B96CEFB2 /* libPods-Test.a in Frameworks */ = {isa = PBXBuildFile; fileRef = F86BD6B0DCB0D47DB4F9C104 /* libPods-Test.a */; };
		EF1CE53F2623D9570069A459 /* GDPerson.m in Sources */ = {isa = PBXBuildFile; fileRef = EF1CE53E2623D9570069A459 /* GDPerson.m */; };
		EF1CE55B262684630069A459 /* TestBaseViewController+Beauty.m in Sources */ = {isa = PBXBuildFile; fileRef = EF1CE55A262684630069A459 /* TestBaseViewController+Beauty.m */; };
		EF1CE5602626DB500069A459 /* TestSuperBaseViewController.m in Sources */ = {isa = PBXBuildFile; fileRef = EF1CE55F2626DB500069A459 /* TestSuperBaseViewController.m */; };
		EF586492260ECED500405197 /* AppDelegate.m in Sources */ = {isa = PBXBuildFile; fileRef = EF586491260ECED500405197 /* AppDelegate.m */; };
		EF586495260ECED500405197 /* SceneDelegate.m in Sources */ = {isa = PBXBuildFile; fileRef = EF586494260ECED500405197 /* SceneDelegate.m */; };
		EF586498260ECED500405197 /* ViewController.m in Sources */ = {isa = PBXBuildFile; fileRef = EF586497260ECED500405197 /* ViewController.m */; };
		EF58649B260ECED500405197 /* Main.storyboard in Resources */ = {isa = PBXBuildFile; fileRef = EF586499260ECED500405197 /* Main.storyboard */; };
		EF58649D260ECED600405197 /* Assets.xcassets in Resources */ = {isa = PBXBuildFile; fileRef = EF58649C260ECED600405197 /* Assets.xcassets */; };
		EF5864A0260ECED600405197 /* LaunchScreen.storyboard in Resources */ = {isa = PBXBuildFile; fileRef = EF58649E260ECED600405197 /* LaunchScreen.storyboard */; };
		EF5864A3260ECED600405197 /* main.m in Sources */ = {isa = PBXBuildFile; fileRef = EF5864A2260ECED600405197 /* main.m */; };
		EF5864B5260ED07900405197 /* Person.m in Sources */ = {isa = PBXBuildFile; fileRef = EF5864B4260ED07900405197 /* Person.m */; };
		EF5864B9260ED0F300405197 /* Presenter.m in Sources */ = {isa = PBXBuildFile; fileRef = EF5864B8260ED0F300405197 /* Presenter.m */; };
		EF5864BD260ED20C00405197 /* TestView.m in Sources */ = {isa = PBXBuildFile; fileRef = EF5864BC260ED20C00405197 /* TestView.m */; };
		EF8E048126317F0F00F8AD8D /* TKSDWeakProxy.m in Sources */ = {isa = PBXBuildFile; fileRef = EF8E047F26317F0E00F8AD8D /* TKSDWeakProxy.m */; };
		EFB618072617291E00C39568 /* AudioViewController.m in Sources */ = {isa = PBXBuildFile; fileRef = EFB618062617291E00C39568 /* AudioViewController.m */; };
		EFB61812261C63F100C39568 /* MasonryViewController.m in Sources */ = {isa = PBXBuildFile; fileRef = EFB61811261C63F100C39568 /* MasonryViewController.m */; };
		EFC0B84C261DA5C400900242 /* TestBaseViewController.m in Sources */ = {isa = PBXBuildFile; fileRef = EFC0B84B261DA5C400900242 /* TestBaseViewController.m */; };
		EFC0B852261DAA3500900242 /* TestOneViewController.m in Sources */ = {isa = PBXBuildFile; fileRef = EFC0B851261DAA3500900242 /* TestOneViewController.m */; };
		EFC0B858261ED9EB00900242 /* TestShared.m in Sources */ = {isa = PBXBuildFile; fileRef = EFC0B857261ED9EB00900242 /* TestShared.m */; };
/* End PBXBuildFile section */

/* Begin PBXFileReference section */
		5920A0D94DFA8A78C55B5437 /* Pods-Test.debug.xcconfig */ = {isa = PBXFileReference; includeInIndex = 1; lastKnownFileType = text.xcconfig; name = "Pods-Test.debug.xcconfig"; path = "Target Support Files/Pods-Test/Pods-Test.debug.xcconfig"; sourceTree = "<group>"; };
		C22B3B87E3710AB3F03BF412 /* Pods-Test.release.xcconfig */ = {isa = PBXFileReference; includeInIndex = 1; lastKnownFileType = text.xcconfig; name = "Pods-Test.release.xcconfig"; path = "Target Support Files/Pods-Test/Pods-Test.release.xcconfig"; sourceTree = "<group>"; };
		EF1CE53D2623D9570069A459 /* GDPerson.h */ = {isa = PBXFileReference; lastKnownFileType = sourcecode.c.h; path = GDPerson.h; sourceTree = "<group>"; };
		EF1CE53E2623D9570069A459 /* GDPerson.m */ = {isa = PBXFileReference; lastKnownFileType = sourcecode.c.objc; path = GDPerson.m; sourceTree = "<group>"; };
		EF1CE559262684630069A459 /* TestBaseViewController+Beauty.h */ = {isa = PBXFileReference; lastKnownFileType = sourcecode.c.h; path = "TestBaseViewController+Beauty.h"; sourceTree = "<group>"; };
		EF1CE55A262684630069A459 /* TestBaseViewController+Beauty.m */ = {isa = PBXFileReference; lastKnownFileType = sourcecode.c.objc; path = "TestBaseViewController+Beauty.m"; sourceTree = "<group>"; };
		EF1CE55E2626DB500069A459 /* TestSuperBaseViewController.h */ = {isa = PBXFileReference; lastKnownFileType = sourcecode.c.h; path = TestSuperBaseViewController.h; sourceTree = "<group>"; };
		EF1CE55F2626DB500069A459 /* TestSuperBaseViewController.m */ = {isa = PBXFileReference; lastKnownFileType = sourcecode.c.objc; path = TestSuperBaseViewController.m; sourceTree = "<group>"; };
		EF58648D260ECED500405197 /* Test.app */ = {isa = PBXFileReference; explicitFileType = wrapper.application; includeInIndex = 0; path = Test.app; sourceTree = BUILT_PRODUCTS_DIR; };
		EF586490260ECED500405197 /* AppDelegate.h */ = {isa = PBXFileReference; lastKnownFileType = sourcecode.c.h; path = AppDelegate.h; sourceTree = "<group>"; };
		EF586491260ECED500405197 /* AppDelegate.m */ = {isa = PBXFileReference; lastKnownFileType = sourcecode.c.objc; path = AppDelegate.m; sourceTree = "<group>"; };
		EF586493260ECED500405197 /* SceneDelegate.h */ = {isa = PBXFileReference; lastKnownFileType = sourcecode.c.h; path = SceneDelegate.h; sourceTree = "<group>"; };
		EF586494260ECED500405197 /* SceneDelegate.m */ = {isa = PBXFileReference; lastKnownFileType = sourcecode.c.objc; path = SceneDelegate.m; sourceTree = "<group>"; };
		EF586496260ECED500405197 /* ViewController.h */ = {isa = PBXFileReference; lastKnownFileType = sourcecode.c.h; path = ViewController.h; sourceTree = "<group>"; };
		EF586497260ECED500405197 /* ViewController.m */ = {isa = PBXFileReference; lastKnownFileType = sourcecode.c.objc; path = ViewController.m; sourceTree = "<group>"; };
		EF58649A260ECED500405197 /* Base */ = {isa = PBXFileReference; lastKnownFileType = file.storyboard; name = Base; path = Base.lproj/Main.storyboard; sourceTree = "<group>"; };
		EF58649C260ECED600405197 /* Assets.xcassets */ = {isa = PBXFileReference; lastKnownFileType = folder.assetcatalog; path = Assets.xcassets; sourceTree = "<group>"; };
		EF58649F260ECED600405197 /* Base */ = {isa = PBXFileReference; lastKnownFileType = file.storyboard; name = Base; path = Base.lproj/LaunchScreen.storyboard; sourceTree = "<group>"; };
		EF5864A1260ECED600405197 /* Info.plist */ = {isa = PBXFileReference; lastKnownFileType = text.plist.xml; path = Info.plist; sourceTree = "<group>"; };
		EF5864A2260ECED600405197 /* main.m */ = {isa = PBXFileReference; lastKnownFileType = sourcecode.c.objc; path = main.m; sourceTree = "<group>"; };
		EF5864B1260ECF5800405197 /* PersonProtocol.h */ = {isa = PBXFileReference; lastKnownFileType = sourcecode.c.h; path = PersonProtocol.h; sourceTree = "<group>"; };
		EF5864B3260ED07900405197 /* Person.h */ = {isa = PBXFileReference; lastKnownFileType = sourcecode.c.h; path = Person.h; sourceTree = "<group>"; };
		EF5864B4260ED07900405197 /* Person.m */ = {isa = PBXFileReference; lastKnownFileType = sourcecode.c.objc; path = Person.m; sourceTree = "<group>"; };
		EF5864B7260ED0F300405197 /* Presenter.h */ = {isa = PBXFileReference; lastKnownFileType = sourcecode.c.h; path = Presenter.h; sourceTree = "<group>"; };
		EF5864B8260ED0F300405197 /* Presenter.m */ = {isa = PBXFileReference; lastKnownFileType = sourcecode.c.objc; path = Presenter.m; sourceTree = "<group>"; };
		EF5864BB260ED20B00405197 /* TestView.h */ = {isa = PBXFileReference; lastKnownFileType = sourcecode.c.h; path = TestView.h; sourceTree = "<group>"; };
		EF5864BC260ED20C00405197 /* TestView.m */ = {isa = PBXFileReference; lastKnownFileType = sourcecode.c.objc; path = TestView.m; sourceTree = "<group>"; };
		EF8E047F26317F0E00F8AD8D /* TKSDWeakProxy.m */ = {isa = PBXFileReference; fileEncoding = 4; lastKnownFileType = sourcecode.c.objc; path = TKSDWeakProxy.m; sourceTree = "<group>"; };
		EF8E048026317F0E00F8AD8D /* TKSDWeakProxy.h */ = {isa = PBXFileReference; fileEncoding = 4; lastKnownFileType = sourcecode.c.h; path = TKSDWeakProxy.h; sourceTree = "<group>"; };
		EFB618052617291E00C39568 /* AudioViewController.h */ = {isa = PBXFileReference; lastKnownFileType = sourcecode.c.h; path = AudioViewController.h; sourceTree = "<group>"; };
		EFB618062617291E00C39568 /* AudioViewController.m */ = {isa = PBXFileReference; lastKnownFileType = sourcecode.c.objc; path = AudioViewController.m; sourceTree = "<group>"; };
		EFB61810261C63F100C39568 /* MasonryViewController.h */ = {isa = PBXFileReference; lastKnownFileType = sourcecode.c.h; path = MasonryViewController.h; sourceTree = "<group>"; };
		EFB61811261C63F100C39568 /* MasonryViewController.m */ = {isa = PBXFileReference; lastKnownFileType = sourcecode.c.objc; path = MasonryViewController.m; sourceTree = "<group>"; };
		EFC0B84A261DA5C400900242 /* TestBaseViewController.h */ = {isa = PBXFileReference; lastKnownFileType = sourcecode.c.h; path = TestBaseViewController.h; sourceTree = "<group>"; };
		EFC0B84B261DA5C400900242 /* TestBaseViewController.m */ = {isa = PBXFileReference; lastKnownFileType = sourcecode.c.objc; path = TestBaseViewController.m; sourceTree = "<group>"; };
		EFC0B850261DAA3500900242 /* TestOneViewController.h */ = {isa = PBXFileReference; lastKnownFileType = sourcecode.c.h; path = TestOneViewController.h; sourceTree = "<group>"; };
		EFC0B851261DAA3500900242 /* TestOneViewController.m */ = {isa = PBXFileReference; lastKnownFileType = sourcecode.c.objc; path = TestOneViewController.m; sourceTree = "<group>"; };
		EFC0B856261ED9EB00900242 /* TestShared.h */ = {isa = PBXFileReference; lastKnownFileType = sourcecode.c.h; path = TestShared.h; sourceTree = "<group>"; };
		EFC0B857261ED9EB00900242 /* TestShared.m */ = {isa = PBXFileReference; lastKnownFileType = sourcecode.c.objc; path = TestShared.m; sourceTree = "<group>"; };
		F86BD6B0DCB0D47DB4F9C104 /* libPods-Test.a */ = {isa = PBXFileReference; explicitFileType = archive.ar; includeInIndex = 0; path = "libPods-Test.a"; sourceTree = BUILT_PRODUCTS_DIR; };
/* End PBXFileReference section */

/* Begin PBXFrameworksBuildPhase section */
		EF58648A260ECED500405197 /* Frameworks */ = {
			isa = PBXFrameworksBuildPhase;
			buildActionMask = 2147483647;
			files = (
				6DC01F3A7C4D8DB1B96CEFB2 /* libPods-Test.a in Frameworks */,
			);
			runOnlyForDeploymentPostprocessing = 0;
		};
/* End PBXFrameworksBuildPhase section */

/* Begin PBXGroup section */
		D420D211A561C64171D4AF91 /* Pods */ = {
			isa = PBXGroup;
			children = (
				5920A0D94DFA8A78C55B5437 /* Pods-Test.debug.xcconfig */,
				C22B3B87E3710AB3F03BF412 /* Pods-Test.release.xcconfig */,
			);
			path = Pods;
			sourceTree = "<group>";
		};
		EF1CE53C2623D93B0069A459 /* 内存地址面试 */ = {
			isa = PBXGroup;
			children = (
				EF1CE53D2623D9570069A459 /* GDPerson.h */,
				EF1CE53E2623D9570069A459 /* GDPerson.m */,
			);
			path = "内存地址面试";
			sourceTree = "<group>";
		};
		EF586484260ECED500405197 = {
			isa = PBXGroup;
			children = (
				EF58648F260ECED500405197 /* Test */,
				EF58648E260ECED500405197 /* Products */,
				D420D211A561C64171D4AF91 /* Pods */,
				F0EEF80ED5A33D3771B9595A /* Frameworks */,
			);
			sourceTree = "<group>";
		};
		EF58648E260ECED500405197 /* Products */ = {
			isa = PBXGroup;
			children = (
				EF58648D260ECED500405197 /* Test.app */,
			);
			name = Products;
			sourceTree = "<group>";
		};
		EF58648F260ECED500405197 /* Test */ = {
			isa = PBXGroup;
			children = (
				EF586490260ECED500405197 /* AppDelegate.h */,
				EF586491260ECED500405197 /* AppDelegate.m */,
				EF586493260ECED500405197 /* SceneDelegate.h */,
				EF586494260ECED500405197 /* SceneDelegate.m */,
				EF586496260ECED500405197 /* ViewController.h */,
				EF586497260ECED500405197 /* ViewController.m */,
				EFC0B850261DAA3500900242 /* TestOneViewController.h */,
				EFC0B851261DAA3500900242 /* TestOneViewController.m */,
				EF8E047E26317F0E00F8AD8D /* 定时器 */,
				EF8E045F262D566400F8AD8D /* 类别调用 */,
				EF1CE53C2623D93B0069A459 /* 内存地址面试 */,
				EFC0B855261ED97500900242 /* 单例使用 */,
				EFC0B849261DA5A800900242 /* 父类控制器 */,
				EFB6180F261C63D500C39568 /* Masonry布局 */,
				EFB618092617292400C39568 /* 音量控制 */,
				EF5864AB260ECEE300405197 /* MVP */,
				EF5864AA260ECEDD00405197 /* MVVM */,
				EF586499260ECED500405197 /* Main.storyboard */,
				EF58649C260ECED600405197 /* Assets.xcassets */,
				EF58649E260ECED600405197 /* LaunchScreen.storyboard */,
				EF5864A1260ECED600405197 /* Info.plist */,
				EF5864A2260ECED600405197 /* main.m */,
			);
			path = Test;
			sourceTree = "<group>";
		};
		EF5864AA260ECEDD00405197 /* MVVM */ = {
			isa = PBXGroup;
			children = (
			);
			path = MVVM;
			sourceTree = "<group>";
		};
		EF5864AB260ECEE300405197 /* MVP */ = {
			isa = PBXGroup;
			children = (
				EF5864AF260ECF0100405197 /* View */,
				EF5864AE260ECEF700405197 /* Presenter */,
				EF5864AD260ECEF100405197 /* Model */,
				EF5864AC260ECEEB00405197 /* VC */,
			);
			path = MVP;
			sourceTree = "<group>";
		};
		EF5864AC260ECEEB00405197 /* VC */ = {
			isa = PBXGroup;
			children = (
			);
			path = VC;
			sourceTree = "<group>";
		};
		EF5864AD260ECEF100405197 /* Model */ = {
			isa = PBXGroup;
			children = (
				EF5864B3260ED07900405197 /* Person.h */,
				EF5864B4260ED07900405197 /* Person.m */,
			);
			path = Model;
			sourceTree = "<group>";
		};
		EF5864AE260ECEF700405197 /* Presenter */ = {
			isa = PBXGroup;
			children = (
				EF5864B1260ECF5800405197 /* PersonProtocol.h */,
				EF5864B7260ED0F300405197 /* Presenter.h */,
				EF5864B8260ED0F300405197 /* Presenter.m */,
			);
			path = Presenter;
			sourceTree = "<group>";
		};
		EF5864AF260ECF0100405197 /* View */ = {
			isa = PBXGroup;
			children = (
				EF5864BB260ED20B00405197 /* TestView.h */,
				EF5864BC260ED20C00405197 /* TestView.m */,
			);
			path = View;
			sourceTree = "<group>";
		};
		EF8E045F262D566400F8AD8D /* 类别调用 */ = {
			isa = PBXGroup;
			children = (
				EF1CE559262684630069A459 /* TestBaseViewController+Beauty.h */,
				EF1CE55A262684630069A459 /* TestBaseViewController+Beauty.m */,
			);
			path = "类别调用";
			sourceTree = "<group>";
		};
		EF8E047E26317F0E00F8AD8D /* 定时器 */ = {
			isa = PBXGroup;
			children = (
				EF8E048026317F0E00F8AD8D /* TKSDWeakProxy.h */,
				EF8E047F26317F0E00F8AD8D /* TKSDWeakProxy.m */,
			);
			path = "定时器";
			sourceTree = "<group>";
		};
		EFB618092617292400C39568 /* 音量控制 */ = {
			isa = PBXGroup;
			children = (
				EFB618052617291E00C39568 /* AudioViewController.h */,
				EFB618062617291E00C39568 /* AudioViewController.m */,
			);
			path = "音量控制";
			sourceTree = "<group>";
		};
		EFB6180F261C63D500C39568 /* Masonry布局 */ = {
			isa = PBXGroup;
			children = (
				EFB61810261C63F100C39568 /* MasonryViewController.h */,
				EFB61811261C63F100C39568 /* MasonryViewController.m */,
			);
			path = "Masonry布局";
			sourceTree = "<group>";
		};
		EFC0B849261DA5A800900242 /* 父类控制器 */ = {
			isa = PBXGroup;
			children = (
				EFC0B84A261DA5C400900242 /* TestBaseViewController.h */,
				EFC0B84B261DA5C400900242 /* TestBaseViewController.m */,
				EF1CE55E2626DB500069A459 /* TestSuperBaseViewController.h */,
				EF1CE55F2626DB500069A459 /* TestSuperBaseViewController.m */,
			);
			path = "父类控制器";
			sourceTree = "<group>";
		};
		EFC0B855261ED97500900242 /* 单例使用 */ = {
			isa = PBXGroup;
			children = (
				EFC0B856261ED9EB00900242 /* TestShared.h */,
				EFC0B857261ED9EB00900242 /* TestShared.m */,
			);
			path = "单例使用";
			sourceTree = "<group>";
		};
		F0EEF80ED5A33D3771B9595A /* Frameworks */ = {
			isa = PBXGroup;
			children = (
				F86BD6B0DCB0D47DB4F9C104 /* libPods-Test.a */,
			);
			name = Frameworks;
			sourceTree = "<group>";
		};
/* End PBXGroup section */

/* Begin PBXNativeTarget section */
		EF58648C260ECED500405197 /* Test */ = {
			isa = PBXNativeTarget;
			buildConfigurationList = EF5864A6260ECED600405197 /* Build configuration list for PBXNativeTarget "Test" */;
			buildPhases = (
				DEE7043E47F69CA7B5EFD17B /* [CP] Check Pods Manifest.lock */,
				EF586489260ECED500405197 /* Sources */,
				EF58648A260ECED500405197 /* Frameworks */,
				EF58648B260ECED500405197 /* Resources */,
			);
			buildRules = (
			);
			dependencies = (
			);
			name = Test;
			productName = Test;
			productReference = EF58648D260ECED500405197 /* Test.app */;
			productType = "com.apple.product-type.application";
		};
/* End PBXNativeTarget section */

/* Begin PBXProject section */
		EF586485260ECED500405197 /* Project object */ = {
			isa = PBXProject;
			attributes = {
				LastUpgradeCheck = 1230;
				TargetAttributes = {
					EF58648C260ECED500405197 = {
						CreatedOnToolsVersion = 12.3;
					};
				};
			};
			buildConfigurationList = EF586488260ECED500405197 /* Build configuration list for PBXProject "Test" */;
			compatibilityVersion = "Xcode 9.3";
			developmentRegion = en;
			hasScannedForEncodings = 0;
			knownRegions = (
				en,
				Base,
			);
			mainGroup = EF586484260ECED500405197;
			productRefGroup = EF58648E260ECED500405197 /* Products */;
			projectDirPath = "";
			projectRoot = "";
			targets = (
				EF58648C260ECED500405197 /* Test */,
			);
		};
/* End PBXProject section */

/* Begin PBXResourcesBuildPhase section */
		EF58648B260ECED500405197 /* Resources */ = {
			isa = PBXResourcesBuildPhase;
			buildActionMask = 2147483647;
			files = (
				EF5864A0260ECED600405197 /* LaunchScreen.storyboard in Resources */,
				EF58649D260ECED600405197 /* Assets.xcassets in Resources */,
				EF58649B260ECED500405197 /* Main.storyboard in Resources */,
			);
			runOnlyForDeploymentPostprocessing = 0;
		};
/* End PBXResourcesBuildPhase section */

/* Begin PBXShellScriptBuildPhase section */
		DEE7043E47F69CA7B5EFD17B /* [CP] Check Pods Manifest.lock */ = {
			isa = PBXShellScriptBuildPhase;
			buildActionMask = 2147483647;
			files = (
			);
			inputFileListPaths = (
			);
			inputPaths = (
				"${PODS_PODFILE_DIR_PATH}/Podfile.lock",
				"${PODS_ROOT}/Manifest.lock",
			);
			name = "[CP] Check Pods Manifest.lock";
			outputFileListPaths = (
			);
			outputPaths = (
				"$(DERIVED_FILE_DIR)/Pods-Test-checkManifestLockResult.txt",
			);
			runOnlyForDeploymentPostprocessing = 0;
			shellPath = /bin/sh;
			shellScript = "diff \"${PODS_PODFILE_DIR_PATH}/Podfile.lock\" \"${PODS_ROOT}/Manifest.lock\" > /dev/null\nif [ $? != 0 ] ; then\n    # print error to STDERR\n    echo \"error: The sandbox is not in sync with the Podfile.lock. Run 'pod install' or update your CocoaPods installation.\" >&2\n    exit 1\nfi\n# This output is used by Xcode 'outputs' to avoid re-running this script phase.\necho \"SUCCESS\" > \"${SCRIPT_OUTPUT_FILE_0}\"\n";
			showEnvVarsInLog = 0;
		};
/* End PBXShellScriptBuildPhase section */

/* Begin PBXSourcesBuildPhase section */
		EF586489260ECED500405197 /* Sources */ = {
			isa = PBXSourcesBuildPhase;
			buildActionMask = 2147483647;
			files = (
				EF5864BD260ED20C00405197 /* TestView.m in Sources */,
				EFC0B852261DAA3500900242 /* TestOneViewController.m in Sources */,
				EFB618072617291E00C39568 /* AudioViewController.m in Sources */,
				EF1CE5602626DB500069A459 /* TestSuperBaseViewController.m in Sources */,
				EF586498260ECED500405197 /* ViewController.m in Sources */,
				EF586492260ECED500405197 /* AppDelegate.m in Sources */,
				EF5864B9260ED0F300405197 /* Presenter.m in Sources */,
				EFC0B858261ED9EB00900242 /* TestShared.m in Sources */,
				EF1CE55B262684630069A459 /* TestBaseViewController+Beauty.m in Sources */,
				EFB61812261C63F100C39568 /* MasonryViewController.m in Sources */,
				EF8E048126317F0F00F8AD8D /* TKSDWeakProxy.m in Sources */,
				EF5864B5260ED07900405197 /* Person.m in Sources */,
				EF5864A3260ECED600405197 /* main.m in Sources */,
				EF1CE53F2623D9570069A459 /* GDPerson.m in Sources */,
				EF586495260ECED500405197 /* SceneDelegate.m in Sources */,
				EFC0B84C261DA5C400900242 /* TestBaseViewController.m in Sources */,
			);
			runOnlyForDeploymentPostprocessing = 0;
		};
/* End PBXSourcesBuildPhase section */

/* Begin PBXVariantGroup section */
		EF586499260ECED500405197 /* Main.storyboard */ = {
			isa = PBXVariantGroup;
			children = (
				EF58649A260ECED500405197 /* Base */,
			);
			name = Main.storyboard;
			sourceTree = "<group>";
		};
		EF58649E260ECED600405197 /* LaunchScreen.storyboard */ = {
			isa = PBXVariantGroup;
			children = (
				EF58649F260ECED600405197 /* Base */,
			);
			name = LaunchScreen.storyboard;
			sourceTree = "<group>";
		};
/* End PBXVariantGroup section */

/* Begin XCBuildConfiguration section */
		EF5864A4260ECED600405197 /* Debug */ = {
			isa = XCBuildConfiguration;
			buildSettings = {
				ALWAYS_SEARCH_USER_PATHS = NO;
				CLANG_ANALYZER_NONNULL = YES;
				CLANG_ANALYZER_NUMBER_OBJECT_CONVERSION = YES_AGGRESSIVE;
				CLANG_CXX_LANGUAGE_STANDARD = "gnu++14";
				CLANG_CXX_LIBRARY = "libc++";
				CLANG_ENABLE_MODULES = YES;
				CLANG_ENABLE_OBJC_ARC = YES;
				CLANG_ENABLE_OBJC_WEAK = YES;
				CLANG_WARN_BLOCK_CAPTURE_AUTORELEASING = YES;
				CLANG_WARN_BOOL_CONVERSION = YES;
				CLANG_WARN_COMMA = YES;
				CLANG_WARN_CONSTANT_CONVERSION = YES;
				CLANG_WARN_DEPRECATED_OBJC_IMPLEMENTATIONS = YES;
				CLANG_WARN_DIRECT_OBJC_ISA_USAGE = YES_ERROR;
				CLANG_WARN_DOCUMENTATION_COMMENTS = YES;
				CLANG_WARN_EMPTY_BODY = YES;
				CLANG_WARN_ENUM_CONVERSION = YES;
				CLANG_WARN_INFINITE_RECURSION = YES;
				CLANG_WARN_INT_CONVERSION = YES;
				CLANG_WARN_NON_LITERAL_NULL_CONVERSION = YES;
				CLANG_WARN_OBJC_IMPLICIT_RETAIN_SELF = YES;
				CLANG_WARN_OBJC_LITERAL_CONVERSION = YES;
				CLANG_WARN_OBJC_ROOT_CLASS = YES_ERROR;
				CLANG_WARN_QUOTED_INCLUDE_IN_FRAMEWORK_HEADER = YES;
				CLANG_WARN_RANGE_LOOP_ANALYSIS = YES;
				CLANG_WARN_STRICT_PROTOTYPES = YES;
				CLANG_WARN_SUSPICIOUS_MOVE = YES;
				CLANG_WARN_UNGUARDED_AVAILABILITY = YES_AGGRESSIVE;
				CLANG_WARN_UNREACHABLE_CODE = YES;
				CLANG_WARN__DUPLICATE_METHOD_MATCH = YES;
				COPY_PHASE_STRIP = NO;
				DEBUG_INFORMATION_FORMAT = dwarf;
				ENABLE_STRICT_OBJC_MSGSEND = YES;
				ENABLE_TESTABILITY = YES;
				GCC_C_LANGUAGE_STANDARD = gnu11;
				GCC_DYNAMIC_NO_PIC = NO;
				GCC_NO_COMMON_BLOCKS = YES;
				GCC_OPTIMIZATION_LEVEL = 0;
				GCC_PREPROCESSOR_DEFINITIONS = (
					"DEBUG=1",
					"$(inherited)",
				);
				GCC_WARN_64_TO_32_BIT_CONVERSION = YES;
				GCC_WARN_ABOUT_RETURN_TYPE = YES_ERROR;
				GCC_WARN_UNDECLARED_SELECTOR = YES;
				GCC_WARN_UNINITIALIZED_AUTOS = YES_AGGRESSIVE;
				GCC_WARN_UNUSED_FUNCTION = YES;
				GCC_WARN_UNUSED_VARIABLE = YES;
				IPHONEOS_DEPLOYMENT_TARGET = 14.3;
				MTL_ENABLE_DEBUG_INFO = INCLUDE_SOURCE;
				MTL_FAST_MATH = YES;
				ONLY_ACTIVE_ARCH = YES;
				SDKROOT = iphoneos;
			};
			name = Debug;
		};
		EF5864A5260ECED600405197 /* Release */ = {
			isa = XCBuildConfiguration;
			buildSettings = {
				ALWAYS_SEARCH_USER_PATHS = NO;
				CLANG_ANALYZER_NONNULL = YES;
				CLANG_ANALYZER_NUMBER_OBJECT_CONVERSION = YES_AGGRESSIVE;
				CLANG_CXX_LANGUAGE_STANDARD = "gnu++14";
				CLANG_CXX_LIBRARY = "libc++";
				CLANG_ENABLE_MODULES = YES;
				CLANG_ENABLE_OBJC_ARC = YES;
				CLANG_ENABLE_OBJC_WEAK = YES;
				CLANG_WARN_BLOCK_CAPTURE_AUTORELEASING = YES;
				CLANG_WARN_BOOL_CONVERSION = YES;
				CLANG_WARN_COMMA = YES;
				CLANG_WARN_CONSTANT_CONVERSION = YES;
				CLANG_WARN_DEPRECATED_OBJC_IMPLEMENTATIONS = YES;
				CLANG_WARN_DIRECT_OBJC_ISA_USAGE = YES_ERROR;
				CLANG_WARN_DOCUMENTATION_COMMENTS = YES;
				CLANG_WARN_EMPTY_BODY = YES;
				CLANG_WARN_ENUM_CONVERSION = YES;
				CLANG_WARN_INFINITE_RECURSION = YES;
				CLANG_WARN_INT_CONVERSION = YES;
				CLANG_WARN_NON_LITERAL_NULL_CONVERSION = YES;
				CLANG_WARN_OBJC_IMPLICIT_RETAIN_SELF = YES;
				CLANG_WARN_OBJC_LITERAL_CONVERSION = YES;
				CLANG_WARN_OBJC_ROOT_CLASS = YES_ERROR;
				CLANG_WARN_QUOTED_INCLUDE_IN_FRAMEWORK_HEADER = YES;
				CLANG_WARN_RANGE_LOOP_ANALYSIS = YES;
				CLANG_WARN_STRICT_PROTOTYPES = YES;
				CLANG_WARN_SUSPICIOUS_MOVE = YES;
				CLANG_WARN_UNGUARDED_AVAILABILITY = YES_AGGRESSIVE;
				CLANG_WARN_UNREACHABLE_CODE = YES;
				CLANG_WARN__DUPLICATE_METHOD_MATCH = YES;
				COPY_PHASE_STRIP = NO;
				DEBUG_INFORMATION_FORMAT = "dwarf-with-dsym";
				ENABLE_NS_ASSERTIONS = NO;
				ENABLE_STRICT_OBJC_MSGSEND = YES;
				GCC_C_LANGUAGE_STANDARD = gnu11;
				GCC_NO_COMMON_BLOCKS = YES;
				GCC_WARN_64_TO_32_BIT_CONVERSION = YES;
				GCC_WARN_ABOUT_RETURN_TYPE = YES_ERROR;
				GCC_WARN_UNDECLARED_SELECTOR = YES;
				GCC_WARN_UNINITIALIZED_AUTOS = YES_AGGRESSIVE;
				GCC_WARN_UNUSED_FUNCTION = YES;
				GCC_WARN_UNUSED_VARIABLE = YES;
				IPHONEOS_DEPLOYMENT_TARGET = 14.3;
				MTL_ENABLE_DEBUG_INFO = NO;
				MTL_FAST_MATH = YES;
				SDKROOT = iphoneos;
				VALIDATE_PRODUCT = YES;
			};
			name = Release;
		};
		EF5864A7260ECED600405197 /* Debug */ = {
			isa = XCBuildConfiguration;
			baseConfigurationReference = 5920A0D94DFA8A78C55B5437 /* Pods-Test.debug.xcconfig */;
			buildSettings = {
				ASSETCATALOG_COMPILER_APPICON_NAME = AppIcon;
				ASSETCATALOG_COMPILER_GLOBAL_ACCENT_COLOR_NAME = AccentColor;
				CODE_SIGN_STYLE = Automatic;
				DEVELOPMENT_TEAM = J728CF59H2;
				INFOPLIST_FILE = Test/Info.plist;
				IPHONEOS_DEPLOYMENT_TARGET = 14.2;
				LD_RUNPATH_SEARCH_PATHS = (
					"$(inherited)",
					"@executable_path/Frameworks",
				);
				PRODUCT_BUNDLE_IDENTIFIER = study.yaoqi.com.Test;
				PRODUCT_NAME = "$(TARGET_NAME)";
				TARGETED_DEVICE_FAMILY = "1,2";
			};
			name = Debug;
		};
		EF5864A8260ECED600405197 /* Release */ = {
			isa = XCBuildConfiguration;
			baseConfigurationReference = C22B3B87E3710AB3F03BF412 /* Pods-Test.release.xcconfig */;
			buildSettings = {
				ASSETCATALOG_COMPILER_APPICON_NAME = AppIcon;
				ASSETCATALOG_COMPILER_GLOBAL_ACCENT_COLOR_NAME = AccentColor;
				CODE_SIGN_STYLE = Automatic;
				DEVELOPMENT_TEAM = J728CF59H2;
				INFOPLIST_FILE = Test/Info.plist;
				IPHONEOS_DEPLOYMENT_TARGET = 14.2;
				LD_RUNPATH_SEARCH_PATHS = (
					"$(inherited)",
					"@executable_path/Frameworks",
				);
				PRODUCT_BUNDLE_IDENTIFIER = study.yaoqi.com.Test;
				PRODUCT_NAME = "$(TARGET_NAME)";
				TARGETED_DEVICE_FAMILY = "1,2";
			};
			name = Release;
		};
/* End XCBuildConfiguration section */

/* Begin XCConfigurationList section */
		EF586488260ECED500405197 /* Build configuration list for PBXProject "Test" */ = {
			isa = XCConfigurationList;
			buildConfigurations = (
				EF5864A4260ECED600405197 /* Debug */,
				EF5864A5260ECED600405197 /* Release */,
			);
			defaultConfigurationIsVisible = 0;
			defaultConfigurationName = Release;
		};
		EF5864A6260ECED600405197 /* Build configuration list for PBXNativeTarget "Test" */ = {
			isa = XCConfigurationList;
			buildConfigurations = (
				EF5864A7260ECED600405197 /* Debug */,
				EF5864A8260ECED600405197 /* Release */,
			);
			defaultConfigurationIsVisible = 0;
			defaultConfigurationName = Release;
		};
/* End XCConfigurationList section */
	};
	rootObject = EF586485260ECED500405197 /* Project object */;
}
